
Microsoft Visual Studio Solution File, Format Version 12.00
# Visual Studio Version 17
VisualStudioVersion = 17.7.34221.43
MinimumVisualStudioVersion = 10.0.40219.1
Project("{FAE04EC0-301F-11D3-BF4B-00C04F79EFBC}") = "sysprog-22.02-1-", "sysprog-22.02-1-\sysprog-22.02-1-.csproj", "{646827E1-CF6C-41A0-89C8-ADF60EBDEAB5}"
EndProject
Global
	GlobalSection(SolutionConfigurationPlatforms) = preSolution
		Debug|Any CPU = Debug|Any CPU
		Release|Any CPU = Release|Any CPU
	EndGlobalSection
	GlobalSection(ProjectConfigurationPlatforms) = postSolution
		{646827E1-CF6C-41A0-89C8-ADF60EBDEAB5}.Debug|Any CPU.ActiveCfg = Debug|Any CPU
		{646827E1-CF6C-41A0-89C8-ADF60EBDEAB5}.Debug|Any CPU.Build.0 = Debug|Any CPU
		{646827E1-CF6C-41A0-89C8-ADF60EBDEAB5}.Release|Any CPU.ActiveCfg = Release|Any CPU
		{646827E1-CF6C-41A0-89C8-ADF60EBDEAB5}.Release|Any CPU.Build.0 = Release|Any CPU
	EndGlobalSection
	GlobalSection(SolutionProperties) = preSolution
		HideSolutionNode = FALSE
	EndGlobalSection
	GlobalSection(ExtensibilityGlobals) = postSolution
		SolutionGuid = {CCEEDB2E-B634-4314-B874-424F60121C3A}
	EndGlobalSection
EndGlobal
